
Microsoft Visual Studio Solution File, Format Version 12.00
# Visual Studio Version 17
VisualStudioVersion = 17.11.35208.52
MinimumVisualStudioVersion = 10.0.40219.1
Project("{9A19103F-16F7-4668-BE54-9A1E7A4F7556}") = "Simple Inventory Management System", "Simple Inventory Management System\Simple Inventory Management System.csproj", "{67B4CC43-301B-4132-B87D-FD19266BE577}"
EndProject
Global
	GlobalSection(SolutionConfigurationPlatforms) = preSolution
		Debug|Any CPU = Debug|Any CPU
		Release|Any CPU = Release|Any CPU
	EndGlobalSection
	GlobalSection(ProjectConfigurationPlatforms) = postSolution
		{67B4CC43-301B-4132-B87D-FD19266BE577}.Debug|Any CPU.ActiveCfg = Debug|Any CPU
		{67B4CC43-301B-4132-B87D-FD19266BE577}.Debug|Any CPU.Build.0 = Debug|Any CPU
		{67B4CC43-301B-4132-B87D-FD19266BE577}.Release|Any CPU.ActiveCfg = Release|Any CPU
		{67B4CC43-301B-4132-B87D-FD19266BE577}.Release|Any CPU.Build.0 = Release|Any CPU
	EndGlobalSection
	GlobalSection(SolutionProperties) = preSolution
		HideSolutionNode = FALSE
	EndGlobalSection
	GlobalSection(ExtensibilityGlobals) = postSolution
		SolutionGuid = {7F3E930E-A58B-4C5C-ACB0-0E937A68CD3C}
	EndGlobalSection
EndGlobal
